
Microsoft Visual Studio Solution File, Format Version 12.00
# Visual Studio Version 17
VisualStudioVersion = 17.14.36518.9 d17.14
MinimumVisualStudioVersion = 10.0.40219.1
Project("{FAE04EC0-301F-11D3-BF4B-00C04F79EFBC}") = "Mozgunova_Tikkonen_422", "Mozgunova_Tikkonen_422.csproj", "{1CBFB1AB-6E00-4290-953A-012F7A7B81A0}"
EndProject
Global
	GlobalSection(SolutionConfigurationPlatforms) = preSolution
		Debug|Any CPU = Debug|Any CPU
		Release|Any CPU = Release|Any CPU
	EndGlobalSection
	GlobalSection(ProjectConfigurationPlatforms) = postSolution
		{1CBFB1AB-6E00-4290-953A-012F7A7B81A0}.Debug|Any CPU.ActiveCfg = Debug|Any CPU
		{1CBFB1AB-6E00-4290-953A-012F7A7B81A0}.Debug|Any CPU.Build.0 = Debug|Any CPU
		{1CBFB1AB-6E00-4290-953A-012F7A7B81A0}.Release|Any CPU.ActiveCfg = Release|Any CPU
		{1CBFB1AB-6E00-4290-953A-012F7A7B81A0}.Release|Any CPU.Build.0 = Release|Any CPU
	EndGlobalSection
	GlobalSection(SolutionProperties) = preSolution
		HideSolutionNode = FALSE
	EndGlobalSection
	GlobalSection(ExtensibilityGlobals) = postSolution
		SolutionGuid = {5C0A6E6A-D0E8-4BBE-B4F7-3996C247A33C}
	EndGlobalSection
EndGlobal
